
Microsoft Visual Studio Solution File, Format Version 12.00
# Visual Studio Version 16
VisualStudioVersion = 16.0.30611.23
MinimumVisualStudioVersion = 10.0.40219.1
Project("{FAE04EC0-301F-11D3-BF4B-00C04F79EFBC}") = "FormDersUygulama", "FormDersUygulama.csproj", "{6E1EEE87-D442-474D-B239-B6B73E7A55AF}"
EndProject
Global
	GlobalSection(SolutionConfigurationPlatforms) = preSolution
		Debug|Any CPU = Debug|Any CPU
		Release|Any CPU = Release|Any CPU
	EndGlobalSection
	GlobalSection(ProjectConfigurationPlatforms) = postSolution
		{6E1EEE87-D442-474D-B239-B6B73E7A55AF}.Debug|Any CPU.ActiveCfg = Debug|Any CPU
		{6E1EEE87-D442-474D-B239-B6B73E7A55AF}.Debug|Any CPU.Build.0 = Debug|Any CPU
		{6E1EEE87-D442-474D-B239-B6B73E7A55AF}.Release|Any CPU.ActiveCfg = Release|Any CPU
		{6E1EEE87-D442-474D-B239-B6B73E7A55AF}.Release|Any CPU.Build.0 = Release|Any CPU
	EndGlobalSection
	GlobalSection(SolutionProperties) = preSolution
		HideSolutionNode = FALSE
	EndGlobalSection
	GlobalSection(ExtensibilityGlobals) = postSolution
		SolutionGuid = {982EB7FF-EB1C-4405-9CC7-91CDC07FB260}
	EndGlobalSection
EndGlobal
